{
  "name": "@cliqz/component-ui-snippet-weather",
  "version": "0.3.3",
  "lockfileVersion": 1,
  "requires": true,
  "dependencies": {
    "react-native-svg": {
      "version": "9.5.3",
      "resolved": "https://registry.npmjs.org/react-native-svg/-/react-native-svg-9.5.3.tgz",
      "integrity": "sha512-VUOe4TLz7RFdmm/XT9EH87VSwlRykx49qbwJMA+dh9eFM7KPY1qH3kEyN7uRCqJD2eE8toxt9NpjR6ByvtPNlA=="
    }
  }
}
